
Microsoft Visual Studio Solution File, Format Version 12.00
# Visual Studio Version 16
VisualStudioVersion = 16.0.29728.190
MinimumVisualStudioVersion = 10.0.40219.1
Project("{FAE04EC0-301F-11D3-BF4B-00C04F79EFBC}") = "opdracht 1", "opdracht 1\opdracht 1.csproj", "{C8AFCCCD-DC00-4319-9E56-91979C66197E}"
EndProject
Project("{FAE04EC0-301F-11D3-BF4B-00C04F79EFBC}") = "opdracht 2", "opdracht 2\opdracht 2.csproj", "{378BAC84-820E-47B6-A3E9-25655B586082}"
EndProject
Project("{FAE04EC0-301F-11D3-BF4B-00C04F79EFBC}") = "opdracht 3", "opdracht 3\opdracht 3.csproj", "{5D88FADD-9D0E-4DAF-87C6-0042EFAA39D2}"
EndProject
Global
	GlobalSection(SolutionConfigurationPlatforms) = preSolution
		Debug|Any CPU = Debug|Any CPU
		Release|Any CPU = Release|Any CPU
	EndGlobalSection
	GlobalSection(ProjectConfigurationPlatforms) = postSolution
		{C8AFCCCD-DC00-4319-9E56-91979C66197E}.Debug|Any CPU.ActiveCfg = Debug|Any CPU
		{C8AFCCCD-DC00-4319-9E56-91979C66197E}.Debug|Any CPU.Build.0 = Debug|Any CPU
		{C8AFCCCD-DC00-4319-9E56-91979C66197E}.Release|Any CPU.ActiveCfg = Release|Any CPU
		{C8AFCCCD-DC00-4319-9E56-91979C66197E}.Release|Any CPU.Build.0 = Release|Any CPU
		{378BAC84-820E-47B6-A3E9-25655B586082}.Debug|Any CPU.ActiveCfg = Debug|Any CPU
		{378BAC84-820E-47B6-A3E9-25655B586082}.Debug|Any CPU.Build.0 = Debug|Any CPU
		{378BAC84-820E-47B6-A3E9-25655B586082}.Release|Any CPU.ActiveCfg = Release|Any CPU
		{378BAC84-820E-47B6-A3E9-25655B586082}.Release|Any CPU.Build.0 = Release|Any CPU
		{5D88FADD-9D0E-4DAF-87C6-0042EFAA39D2}.Debug|Any CPU.ActiveCfg = Debug|Any CPU
		{5D88FADD-9D0E-4DAF-87C6-0042EFAA39D2}.Debug|Any CPU.Build.0 = Debug|Any CPU
		{5D88FADD-9D0E-4DAF-87C6-0042EFAA39D2}.Release|Any CPU.ActiveCfg = Release|Any CPU
		{5D88FADD-9D0E-4DAF-87C6-0042EFAA39D2}.Release|Any CPU.Build.0 = Release|Any CPU
	EndGlobalSection
	GlobalSection(SolutionProperties) = preSolution
		HideSolutionNode = FALSE
	EndGlobalSection
	GlobalSection(ExtensibilityGlobals) = postSolution
		SolutionGuid = {BC0A172F-811B-4E84-BAAB-C9190EB301CE}
	EndGlobalSection
EndGlobal
