
Microsoft Visual Studio Solution File, Format Version 12.00
# Visual Studio Version 16
VisualStudioVersion = 16.0.30523.141
MinimumVisualStudioVersion = 10.0.40219.1
Project("{FAE04EC0-301F-11D3-BF4B-00C04F79EFBC}") = "opdracht1", "opdracht1\opdracht1.csproj", "{7E8F370F-0E0A-4102-BA05-0C14D107DCC6}"
EndProject
Project("{FAE04EC0-301F-11D3-BF4B-00C04F79EFBC}") = "opdracht2", "opdracht2\opdracht2.csproj", "{F808DAAB-30E2-46ED-B670-EC2D1C758DC2}"
EndProject
Global
	GlobalSection(SolutionConfigurationPlatforms) = preSolution
		Debug|Any CPU = Debug|Any CPU
		Release|Any CPU = Release|Any CPU
	EndGlobalSection
	GlobalSection(ProjectConfigurationPlatforms) = postSolution
		{7E8F370F-0E0A-4102-BA05-0C14D107DCC6}.Debug|Any CPU.ActiveCfg = Debug|Any CPU
		{7E8F370F-0E0A-4102-BA05-0C14D107DCC6}.Debug|Any CPU.Build.0 = Debug|Any CPU
		{7E8F370F-0E0A-4102-BA05-0C14D107DCC6}.Release|Any CPU.ActiveCfg = Release|Any CPU
		{7E8F370F-0E0A-4102-BA05-0C14D107DCC6}.Release|Any CPU.Build.0 = Release|Any CPU
		{F808DAAB-30E2-46ED-B670-EC2D1C758DC2}.Debug|Any CPU.ActiveCfg = Debug|Any CPU
		{F808DAAB-30E2-46ED-B670-EC2D1C758DC2}.Debug|Any CPU.Build.0 = Debug|Any CPU
		{F808DAAB-30E2-46ED-B670-EC2D1C758DC2}.Release|Any CPU.ActiveCfg = Release|Any CPU
		{F808DAAB-30E2-46ED-B670-EC2D1C758DC2}.Release|Any CPU.Build.0 = Release|Any CPU
	EndGlobalSection
	GlobalSection(SolutionProperties) = preSolution
		HideSolutionNode = FALSE
	EndGlobalSection
	GlobalSection(ExtensibilityGlobals) = postSolution
		SolutionGuid = {787DAE60-EEFB-4BE4-A6F4-9BBA140EB52C}
	EndGlobalSection
EndGlobal
